# THIS IS AN AUTOGENERATED FILE. DO NOT EDIT THIS FILE DIRECTLY.
# yarn lockfile v1


eslint-plugin-spellcheck@^0.0.20:
  version "0.0.20"
  resolved "https://registry.yarnpkg.com/eslint-plugin-spellcheck/-/eslint-plugin-spellcheck-0.0.20.tgz#32c7a42d26238e42e65a20e695062f5ce18f0115"
  integrity sha512-GJa6vgzWAYqe0elKADAsiBRrhvqBnKyt7tpFSqlCZJsK2W9+K80oMyHhKolA7vJ13H5RCGs5/KCN+mKUyKoAiA==
  dependencies:
    globals "^13.0.0"
    hunspell-spellchecker "^1.0.2"
    lodash "^4.17.15"

globals@^13.0.0:
  version "13.24.0"
  resolved "https://registry.yarnpkg.com/globals/-/globals-13.24.0.tgz#8432a19d78ce0c1e833949c36adb345400bb1171"
  integrity sha512-AhO5QUcj8llrbG09iWhPU2B204J1xnPeL8kQmVorSsy+Sjj1sk8gIyh6cUocGmH4L0UuhAJy+hJMRA4mgA4mFQ==
  dependencies:
    type-fest "^0.20.2"

hunspell-spellchecker@^1.0.2:
  version "1.0.2"
  resolved "https://registry.yarnpkg.com/hunspell-spellchecker/-/hunspell-spellchecker-1.0.2.tgz#a10b0bd2fa00a65ab62a4c6b734ce496d318910e"
  integrity sha512-4DwmFAvlz+ChsqLDsZT2cwBsYNXh+oWboemxXtafwKIyItq52xfR4e4kr017sLAoPaSYVofSOvPUfmOAhXyYvw==

lodash@^4.17.15:
  version "4.17.21"
  resolved "https://registry.yarnpkg.com/lodash/-/lodash-4.17.21.tgz#679591c564c3bffaae8454cf0b3df370c3d6911c"
  integrity sha512-v2kDEe57lecTulaDIuNTPy3Ry4gLGJ6Z1O3vE1krgXZNrsQ+LFTGHVxVjcXPs17LhbZVGedAJv8XZ1tvj5FvSg==

prettier@^3.4.2:
  version "3.4.2"
  resolved "https://registry.yarnpkg.com/prettier/-/prettier-3.4.2.tgz#a5ce1fb522a588bf2b78ca44c6e6fe5aa5a2b13f"
  integrity sha512-e9MewbtFo+Fevyuxn/4rrcDAaq0IYxPGLvObpQjiZBMAzB9IGmzlnG9RZy3FFas+eBMu2vA0CszMeduow5dIuQ==

type-fest@^0.20.2:
  version "0.20.2"
  resolved "https://registry.yarnpkg.com/type-fest/-/type-fest-0.20.2.tgz#1bf207f4b28f91583666cb5fbd327887301cd5f4"
  integrity sha512-Ne+eE4r0/iWnpAxD852z3A+N0Bt5RN//NjJwRd2VFHEmrywxf5vsZlh4R6lixl6B+wz/8d+maTSAkN1FIkI3LQ==
